// !$*UTF8*$!
{
	archiveVersion = 1;
	classes = {
	};
	objectVersion = 56;
	objects = {

/* Begin PBXBuildFile section */
		46DBCD2B2CA5514600DC9E8E /* XcodeDemoAppApp.swift in Sources */ = {isa = PBXBuildFile; fileRef = 46DBCD2A2CA5514600DC9E8E /* XcodeDemoAppApp.swift */; };
		46DBCD2D2CA5514600DC9E8E /* ContentView.swift in Sources */ = {isa = PBXBuildFile; fileRef = 46DBCD2C2CA5514600DC9E8E /* ContentView.swift */; };
		46DBCD2F2CA5514700DC9E8E /* Assets.xcassets in Resources */ = {isa = PBXBuildFile; fileRef = 46DBCD2E2CA5514700DC9E8E /* Assets.xcassets */; };
		46DBCD322CA5514700DC9E8E /* Preview Assets.xcassets in Resources */ = {isa = PBXBuildFile; fileRef = 46DBCD312CA5514700DC9E8E /* Preview Assets.xcassets */; };
		46DBCD3C2CA5514800DC9E8E /* XcodeDemoAppTests.swift in Sources */ = {isa = PBXBuildFile; fileRef = 46DBCD3B2CA5514800DC9E8E /* XcodeDemoAppTests.swift */; };
		46DBCD462CA5514800DC9E8E /* XcodeDemoAppUITests.swift in Sources */ = {isa = PBXBuildFile; fileRef = 46DBCD452CA5514800DC9E8E /* XcodeDemoAppUITests.swift */; };
		46DBCD482CA5514800DC9E8E /* XcodeDemoAppUITestsLaunchTests.swift in Sources */ = {isa = PBXBuildFile; fileRef = 46DBCD472CA5514800DC9E8E /* XcodeDemoAppUITestsLaunchTests.swift */; };
/* End PBXBuildFile section */

/* Begin PBXContainerItemProxy section */
		46DBCD382CA5514800DC9E8E /* PBXContainerItemProxy */ = {
			isa = PBXContainerItemProxy;
			containerPortal = 46DBCD1F2CA5514600DC9E8E /* Project object */;
			proxyType = 1;
			remoteGlobalIDString = 46DBCD262CA5514600DC9E8E;
			remoteInfo = XcodeDemoApp;
		};
		46DBCD422CA5514800DC9E8E /* PBXContainerItemProxy */ = {
			isa = PBXContainerItemProxy;
			containerPortal = 46DBCD1F2CA5514600DC9E8E /* Project object */;
			proxyType = 1;
			remoteGlobalIDString = 46DBCD262CA5514600DC9E8E;
			remoteInfo = XcodeDemoApp;
		};
/* End PBXContainerItemProxy section */

/* Begin PBXFileReference section */
		46DBCD272CA5514600DC9E8E /* XcodeDemoApp.app */ = {isa = PBXFileReference; explicitFileType = wrapper.application; includeInIndex = 0; path = XcodeDemoApp.app; sourceTree = BUILT_PRODUCTS_DIR; };
		46DBCD2A2CA5514600DC9E8E /* XcodeDemoAppApp.swift */ = {isa = PBXFileReference; lastKnownFileType = sourcecode.swift; path = XcodeDemoAppApp.swift; sourceTree = "<group>"; };
		46DBCD2C2CA5514600DC9E8E /* ContentView.swift */ = {isa = PBXFileReference; lastKnownFileType = sourcecode.swift; path = ContentView.swift; sourceTree = "<group>"; };
		46DBCD2E2CA5514700DC9E8E /* Assets.xcassets */ = {isa = PBXFileReference; lastKnownFileType = folder.assetcatalog; path = Assets.xcassets; sourceTree = "<group>"; };
		46DBCD312CA5514700DC9E8E /* Preview Assets.xcassets */ = {isa = PBXFileReference; lastKnownFileType = folder.assetcatalog; path = "Preview Assets.xcassets"; sourceTree = "<group>"; };
		46DBCD372CA5514800DC9E8E /* XcodeDemoAppTests.xctest */ = {isa = PBXFileReference; explicitFileType = wrapper.cfbundle; includeInIndex = 0; path = XcodeDemoAppTests.xctest; sourceTree = BUILT_PRODUCTS_DIR; };
		46DBCD3B2CA5514800DC9E8E /* XcodeDemoAppTests.swift */ = {isa = PBXFileReference; lastKnownFileType = sourcecode.swift; path = XcodeDemoAppTests.swift; sourceTree = "<group>"; };
		46DBCD412CA5514800DC9E8E /* XcodeDemoAppUITests.xctest */ = {isa = PBXFileReference; explicitFileType = wrapper.cfbundle; includeInIndex = 0; path = XcodeDemoAppUITests.xctest; sourceTree = BUILT_PRODUCTS_DIR; };
		46DBCD452CA5514800DC9E8E /* XcodeDemoAppUITests.swift */ = {isa = PBXFileReference; lastKnownFileType = sourcecode.swift; path = XcodeDemoAppUITests.swift; sourceTree = "<group>"; };
		46DBCD472CA5514800DC9E8E /* XcodeDemoAppUITestsLaunchTests.swift */ = {isa = PBXFileReference; lastKnownFileType = sourcecode.swift; path = XcodeDemoAppUITestsLaunchTests.swift; sourceTree = "<group>"; };
/* End PBXFileReference section */

/* Begin PBXFrameworksBuildPhase section */
		46DBCD242CA5514600DC9E8E /* Frameworks */ = {
			isa = PBXFrameworksBuildPhase;
			buildActionMask = 2147483647;
			files = (
			);
			runOnlyForDeploymentPostprocessing = 0;
		};
		46DBCD342CA5514800DC9E8E /* Frameworks */ = {
			isa = PBXFrameworksBuildPhase;
			buildActionMask = 2147483647;
			files = (
			);
			runOnlyForDeploymentPostprocessing = 0;
		};
		46DBCD3E2CA5514800DC9E8E /* Frameworks */ = {
			isa = PBXFrameworksBuildPhase;
			buildActionMask = 2147483647;
			files = (
			);
			runOnlyForDeploymentPostprocessing = 0;
		};
/* End PBXFrameworksBuildPhase section */

/* Begin PBXGroup section */
		46DBCD1E2CA5514600DC9E8E = {
			isa = PBXGroup;
			children = (
				46DBCD292CA5514600DC9E8E /* XcodeDemoApp */,
				46DBCD3A2CA5514800DC9E8E /* XcodeDemoAppTests */,
				46DBCD442CA5514800DC9E8E /* XcodeDemoAppUITests */,
				46DBCD282CA5514600DC9E8E /* Products */,
			);
			sourceTree = "<group>";
		};
		46DBCD282CA5514600DC9E8E /* Products */ = {
			isa = PBXGroup;
			children = (
				46DBCD272CA5514600DC9E8E /* XcodeDemoApp.app */,
				46DBCD372CA5514800DC9E8E /* XcodeDemoAppTests.xctest */,
				46DBCD412CA5514800DC9E8E /* XcodeDemoAppUITests.xctest */,
			);
			name = Products;
			sourceTree = "<group>";
		};
		46DBCD292CA5514600DC9E8E /* XcodeDemoApp */ = {
			isa = PBXGroup;
			children = (
				46DBCD2A2CA5514600DC9E8E /* XcodeDemoAppApp.swift */,
				46DBCD2C2CA5514600DC9E8E /* ContentView.swift */,
				46DBCD2E2CA5514700DC9E8E /* Assets.xcassets */,
				46DBCD302CA5514700DC9E8E /* Preview Content */,
			);
			path = XcodeDemoApp;
			sourceTree = "<group>";
		};
		46DBCD302CA5514700DC9E8E /* Preview Content */ = {
			isa = PBXGroup;
			children = (
				46DBCD312CA5514700DC9E8E /* Preview Assets.xcassets */,
			);
			path = "Preview Content";
			sourceTree = "<group>";
		};
		46DBCD3A2CA5514800DC9E8E /* XcodeDemoAppTests */ = {
			isa = PBXGroup;
			children = (
				46DBCD3B2CA5514800DC9E8E /* XcodeDemoAppTests.swift */,
			);
			path = XcodeDemoAppTests;
			sourceTree = "<group>";
		};
		46DBCD442CA5514800DC9E8E /* XcodeDemoAppUITests */ = {
			isa = PBXGroup;
			children = (
				46DBCD452CA5514800DC9E8E /* XcodeDemoAppUITests.swift */,
				46DBCD472CA5514800DC9E8E /* XcodeDemoAppUITestsLaunchTests.swift */,
			);
			path = XcodeDemoAppUITests;
			sourceTree = "<group>";
		};
/* End PBXGroup section */

/* Begin PBXNativeTarget section */
		46DBCD262CA5514600DC9E8E /* XcodeDemoApp */ = {
			isa = PBXNativeTarget;
			buildConfigurationList = 46DBCD4B2CA5514800DC9E8E /* Build configuration list for PBXNativeTarget "XcodeDemoApp" */;
			buildPhases = (
				46DBCD232CA5514600DC9E8E /* Sources */,
				46DBCD242CA5514600DC9E8E /* Frameworks */,
				46DBCD252CA5514600DC9E8E /* Resources */,
			);
			buildRules = (
			);
			dependencies = (
			);
			name = XcodeDemoApp;
			productName = XcodeDemoApp;
			productReference = 46DBCD272CA5514600DC9E8E /* XcodeDemoApp.app */;
			productType = "com.apple.product-type.application";
		};
		46DBCD362CA5514800DC9E8E /* XcodeDemoAppTests */ = {
			isa = PBXNativeTarget;
			buildConfigurationList = 46DBCD4E2CA5514800DC9E8E /* Build configuration list for PBXNativeTarget "XcodeDemoAppTests" */;
			buildPhases = (
				46DBCD332CA5514800DC9E8E /* Sources */,
				46DBCD342CA5514800DC9E8E /* Frameworks */,
				46DBCD352CA5514800DC9E8E /* Resources */,
			);
			buildRules = (
			);
			dependencies = (
				46DBCD392CA5514800DC9E8E /* PBXTargetDependency */,
			);
			name = XcodeDemoAppTests;
			productName = XcodeDemoAppTests;
			productReference = 46DBCD372CA5514800DC9E8E /* XcodeDemoAppTests.xctest */;
			productType = "com.apple.product-type.bundle.unit-test";
		};
		46DBCD402CA5514800DC9E8E /* XcodeDemoAppUITests */ = {
			isa = PBXNativeTarget;
			buildConfigurationList = 46DBCD512CA5514800DC9E8E /* Build configuration list for PBXNativeTarget "XcodeDemoAppUITests" */;
			buildPhases = (
				46DBCD3D2CA5514800DC9E8E /* Sources */,
				46DBCD3E2CA5514800DC9E8E /* Frameworks */,
				46DBCD3F2CA5514800DC9E8E /* Resources */,
			);
			buildRules = (
			);
			dependencies = (
				46DBCD432CA5514800DC9E8E /* PBXTargetDependency */,
			);
			name = XcodeDemoAppUITests;
			productName = XcodeDemoAppUITests;
			productReference = 46DBCD412CA5514800DC9E8E /* XcodeDemoAppUITests.xctest */;
			productType = "com.apple.product-type.bundle.ui-testing";
		};
/* End PBXNativeTarget section */

/* Begin PBXProject section */
		46DBCD1F2CA5514600DC9E8E /* Project object */ = {
			isa = PBXProject;
			attributes = {
				BuildIndependentTargetsInParallel = 1;
				LastSwiftUpdateCheck = 1540;
				LastUpgradeCheck = 1540;
				TargetAttributes = {
					46DBCD262CA5514600DC9E8E = {
						CreatedOnToolsVersion = 15.4;
					};
					46DBCD362CA5514800DC9E8E = {
						CreatedOnToolsVersion = 15.4;
						TestTargetID = 46DBCD262CA5514600DC9E8E;
					};
					46DBCD402CA5514800DC9E8E = {
						CreatedOnToolsVersion = 15.4;
						TestTargetID = 46DBCD262CA5514600DC9E8E;
					};
				};
			};
			buildConfigurationList = 46DBCD222CA5514600DC9E8E /* Build configuration list for PBXProject "XcodeDemoApp" */;
			compatibilityVersion = "Xcode 14.0";
			developmentRegion = en;
			hasScannedForEncodings = 0;
			knownRegions = (
				en,
				Base,
			);
			mainGroup = 46DBCD1E2CA5514600DC9E8E;
			productRefGroup = 46DBCD282CA5514600DC9E8E /* Products */;
			projectDirPath = "";
			projectRoot = "";
			targets = (
				46DBCD262CA5514600DC9E8E /* XcodeDemoApp */,
				46DBCD362CA5514800DC9E8E /* XcodeDemoAppTests */,
				46DBCD402CA5514800DC9E8E /* XcodeDemoAppUITests */,
			);
		};
/* End PBXProject section */

/* Begin PBXResourcesBuildPhase section */
		46DBCD252CA5514600DC9E8E /* Resources */ = {
			isa = PBXResourcesBuildPhase;
			buildActionMask = 2147483647;
			files = (
				46DBCD322CA5514700DC9E8E /* Preview Assets.xcassets in Resources */,
				46DBCD2F2CA5514700DC9E8E /* Assets.xcassets in Resources */,
			);
			runOnlyForDeploymentPostprocessing = 0;
		};
		46DBCD352CA5514800DC9E8E /* Resources */ = {
			isa = PBXResourcesBuildPhase;
			buildActionMask = 2147483647;
			files = (
			);
			runOnlyForDeploymentPostprocessing = 0;
		};
		46DBCD3F2CA5514800DC9E8E /* Resources */ = {
			isa = PBXResourcesBuildPhase;
			buildActionMask = 2147483647;
			files = (
			);
			runOnlyForDeploymentPostprocessing = 0;
		};
/* End PBXResourcesBuildPhase section */

/* Begin PBXSourcesBuildPhase section */
		46DBCD232CA5514600DC9E8E /* Sources */ = {
			isa = PBXSourcesBuildPhase;
			buildActionMask = 2147483647;
			files = (
				46DBCD2D2CA5514600DC9E8E /* ContentView.swift in Sources */,
				46DBCD2B2CA5514600DC9E8E /* XcodeDemoAppApp.swift in Sources */,
			);
			runOnlyForDeploymentPostprocessing = 0;
		};
		46DBCD332CA5514800DC9E8E /* Sources */ = {
			isa = PBXSourcesBuildPhase;
			buildActionMask = 2147483647;
			files = (
				46DBCD3C2CA5514800DC9E8E /* XcodeDemoAppTests.swift in Sources */,
			);
			runOnlyForDeploymentPostprocessing = 0;
		};
		46DBCD3D2CA5514800DC9E8E /* Sources */ = {
			isa = PBXSourcesBuildPhase;
			buildActionMask = 2147483647;
			files = (
				46DBCD462CA5514800DC9E8E /* XcodeDemoAppUITests.swift in Sources */,
				46DBCD482CA5514800DC9E8E /* XcodeDemoAppUITestsLaunchTests.swift in Sources */,
			);
			runOnlyForDeploymentPostprocessing = 0;
		};
/* End PBXSourcesBuildPhase section */

/* Begin PBXTargetDependency section */
		46DBCD392CA5514800DC9E8E /* PBXTargetDependency */ = {
			isa = PBXTargetDependency;
			target = 46DBCD262CA5514600DC9E8E /* XcodeDemoApp */;
			targetProxy = 46DBCD382CA5514800DC9E8E /* PBXContainerItemProxy */;
		};
		46DBCD432CA5514800DC9E8E /* PBXTargetDependency */ = {
			isa = PBXTargetDependency;
			target = 46DBCD262CA5514600DC9E8E /* XcodeDemoApp */;
			targetProxy = 46DBCD422CA5514800DC9E8E /* PBXContainerItemProxy */;
		};
/* End PBXTargetDependency section */

/* Begin XCBuildConfiguration section */
		46DBCD492CA5514800DC9E8E /* Debug */ = {
			isa = XCBuildConfiguration;
			buildSettings = {
				ALWAYS_SEARCH_USER_PATHS = NO;
				ASSETCATALOG_COMPILER_GENERATE_SWIFT_ASSET_SYMBOL_EXTENSIONS = YES;
				CLANG_ANALYZER_NONNULL = YES;
				CLANG_ANALYZER_NUMBER_OBJECT_CONVERSION = YES_AGGRESSIVE;
				CLANG_CXX_LANGUAGE_STANDARD = "gnu++20";
				CLANG_ENABLE_MODULES = YES;
				CLANG_ENABLE_OBJC_ARC = YES;
				CLANG_ENABLE_OBJC_WEAK = YES;
				CLANG_WARN_BLOCK_CAPTURE_AUTORELEASING = YES;
				CLANG_WARN_BOOL_CONVERSION = YES;
				CLANG_WARN_COMMA = YES;
				CLANG_WARN_CONSTANT_CONVERSION = YES;
				CLANG_WARN_DEPRECATED_OBJC_IMPLEMENTATIONS = YES;
				CLANG_WARN_DIRECT_OBJC_ISA_USAGE = YES_ERROR;
				CLANG_WARN_DOCUMENTATION_COMMENTS = YES;
				CLANG_WARN_EMPTY_BODY = YES;
				CLANG_WARN_ENUM_CONVERSION = YES;
				CLANG_WARN_INFINITE_RECURSION = YES;
				CLANG_WARN_INT_CONVERSION = YES;
				CLANG_WARN_NON_LITERAL_NULL_CONVERSION = YES;
				CLANG_WARN_OBJC_IMPLICIT_RETAIN_SELF = YES;
				CLANG_WARN_OBJC_LITERAL_CONVERSION = YES;
				CLANG_WARN_OBJC_ROOT_CLASS = YES_ERROR;
				CLANG_WARN_QUOTED_INCLUDE_IN_FRAMEWORK_HEADER = YES;
				CLANG_WARN_RANGE_LOOP_ANALYSIS = YES;
				CLANG_WARN_STRICT_PROTOTYPES = YES;
				CLANG_WARN_SUSPICIOUS_MOVE = YES;
				CLANG_WARN_UNGUARDED_AVAILABILITY = YES_AGGRESSIVE;
				CLANG_WARN_UNREACHABLE_CODE = YES;
				CLANG_WARN__DUPLICATE_METHOD_MATCH = YES;
				COPY_PHASE_STRIP = NO;
				DEBUG_INFORMATION_FORMAT = dwarf;
				ENABLE_STRICT_OBJC_MSGSEND = YES;
				ENABLE_TESTABILITY = YES;
				ENABLE_USER_SCRIPT_SANDBOXING = YES;
				GCC_C_LANGUAGE_STANDARD = gnu17;
				GCC_DYNAMIC_NO_PIC = NO;
				GCC_NO_COMMON_BLOCKS = YES;
				GCC_OPTIMIZATION_LEVEL = 0;
				GCC_PREPROCESSOR_DEFINITIONS = (
					"DEBUG=1",
					"$(inherited)",
				);
				GCC_WARN_64_TO_32_BIT_CONVERSION = YES;
				GCC_WARN_ABOUT_RETURN_TYPE = YES_ERROR;
				GCC_WARN_UNDECLARED_SELECTOR = YES;
				GCC_WARN_UNINITIALIZED_AUTOS = YES_AGGRESSIVE;
				GCC_WARN_UNUSED_FUNCTION = YES;
				GCC_WARN_UNUSED_VARIABLE = YES;
				IPHONEOS_DEPLOYMENT_TARGET = 17.5;
				LOCALIZATION_PREFERS_STRING_CATALOGS = YES;
				MTL_ENABLE_DEBUG_INFO = INCLUDE_SOURCE;
				MTL_FAST_MATH = YES;
				ONLY_ACTIVE_ARCH = YES;
				SDKROOT = iphoneos;
				SWIFT_ACTIVE_COMPILATION_CONDITIONS = "DEBUG $(inherited)";
				SWIFT_OPTIMIZATION_LEVEL = "-Onone";
			};
			name = Debug;
		};
		46DBCD4A2CA5514800DC9E8E /* Release */ = {
			isa = XCBuildConfiguration;
			buildSettings = {
				ALWAYS_SEARCH_USER_PATHS = NO;
				ASSETCATALOG_COMPILER_GENERATE_SWIFT_ASSET_SYMBOL_EXTENSIONS = YES;
				CLANG_ANALYZER_NONNULL = YES;
				CLANG_ANALYZER_NUMBER_OBJECT_CONVERSION = YES_AGGRESSIVE;
				CLANG_CXX_LANGUAGE_STANDARD = "gnu++20";
				CLANG_ENABLE_MODULES = YES;
				CLANG_ENABLE_OBJC_ARC = YES;
				CLANG_ENABLE_OBJC_WEAK = YES;
				CLANG_WARN_BLOCK_CAPTURE_AUTORELEASING = YES;
				CLANG_WARN_BOOL_CONVERSION = YES;
				CLANG_WARN_COMMA = YES;
				CLANG_WARN_CONSTANT_CONVERSION = YES;
				CLANG_WARN_DEPRECATED_OBJC_IMPLEMENTATIONS = YES;
				CLANG_WARN_DIRECT_OBJC_ISA_USAGE = YES_ERROR;
				CLANG_WARN_DOCUMENTATION_COMMENTS = YES;
				CLANG_WARN_EMPTY_BODY = YES;
				CLANG_WARN_ENUM_CONVERSION = YES;
				CLANG_WARN_INFINITE_RECURSION = YES;
				CLANG_WARN_INT_CONVERSION = YES;
				CLANG_WARN_NON_LITERAL_NULL_CONVERSION = YES;
				CLANG_WARN_OBJC_IMPLICIT_RETAIN_SELF = YES;
				CLANG_WARN_OBJC_LITERAL_CONVERSION = YES;
				CLANG_WARN_OBJC_ROOT_CLASS = YES_ERROR;
				CLANG_WARN_QUOTED_INCLUDE_IN_FRAMEWORK_HEADER = YES;
				CLANG_WARN_RANGE_LOOP_ANALYSIS = YES;
				CLANG_WARN_STRICT_PROTOTYPES = YES;
				CLANG_WARN_SUSPICIOUS_MOVE = YES;
				CLANG_WARN_UNGUARDED_AVAILABILITY = YES_AGGRESSIVE;
				CLANG_WARN_UNREACHABLE_CODE = YES;
				CLANG_WARN__DUPLICATE_METHOD_MATCH = YES;
				COPY_PHASE_STRIP = NO;
				DEBUG_INFORMATION_FORMAT = "dwarf-with-dsym";
				ENABLE_NS_ASSERTIONS = NO;
				ENABLE_STRICT_OBJC_MSGSEND = YES;
				ENABLE_USER_SCRIPT_SANDBOXING = YES;
				GCC_C_LANGUAGE_STANDARD = gnu17;
				GCC_NO_COMMON_BLOCKS = YES;
				GCC_WARN_64_TO_32_BIT_CONVERSION = YES;
				GCC_WARN_ABOUT_RETURN_TYPE = YES_ERROR;
				GCC_WARN_UNDECLARED_SELECTOR = YES;
				GCC_WARN_UNINITIALIZED_AUTOS = YES_AGGRESSIVE;
				GCC_WARN_UNUSED_FUNCTION = YES;
				GCC_WARN_UNUSED_VARIABLE = YES;
				IPHONEOS_DEPLOYMENT_TARGET = 17.5;
				LOCALIZATION_PREFERS_STRING_CATALOGS = YES;
				MTL_ENABLE_DEBUG_INFO = NO;
				MTL_FAST_MATH = YES;
				SDKROOT = iphoneos;
				SWIFT_COMPILATION_MODE = wholemodule;
				VALIDATE_PRODUCT = YES;
			};
			name = Release;
		};
		46DBCD4C2CA5514800DC9E8E /* Debug */ = {
			isa = XCBuildConfiguration;
			buildSettings = {
				ASSETCATALOG_COMPILER_APPICON_NAME = AppIcon;
				ASSETCATALOG_COMPILER_GLOBAL_ACCENT_COLOR_NAME = AccentColor;
				CODE_SIGN_STYLE = Automatic;
				CURRENT_PROJECT_VERSION = 1;
				DEVELOPMENT_ASSET_PATHS = "\"XcodeDemoApp/Preview Content\"";
				ENABLE_PREVIEWS = YES;
				GENERATE_INFOPLIST_FILE = YES;
				INFOPLIST_KEY_UIApplicationSceneManifest_Generation = YES;
				INFOPLIST_KEY_UIApplicationSupportsIndirectInputEvents = YES;
				INFOPLIST_KEY_UILaunchScreen_Generation = YES;
				INFOPLIST_KEY_UISupportedInterfaceOrientations_iPad = "UIInterfaceOrientationPortrait UIInterfaceOrientationPortraitUpsideDown UIInterfaceOrientationLandscapeLeft UIInterfaceOrientationLandscapeRight";
				INFOPLIST_KEY_UISupportedInterfaceOrientations_iPhone = "UIInterfaceOrientationPortrait UIInterfaceOrientationLandscapeLeft UIInterfaceOrientationLandscapeRight";
				LD_RUNPATH_SEARCH_PATHS = (
					"$(inherited)",
					"@executable_path/Frameworks",
				);
				MARKETING_VERSION = 1.0;
				PRODUCT_BUNDLE_IDENTIFIER = com.Maram.XcodeDemoApp;
				PRODUCT_NAME = "$(TARGET_NAME)";
				SWIFT_EMIT_LOC_STRINGS = YES;
				SWIFT_VERSION = 5.0;
				TARGETED_DEVICE_FAMILY = "1,2";
			};
			name = Debug;
		};
		46DBCD4D2CA5514800DC9E8E /* Release */ = {
			isa = XCBuildConfiguration;
			buildSettings = {
				ASSETCATALOG_COMPILER_APPICON_NAME = AppIcon;
				ASSETCATALOG_COMPILER_GLOBAL_ACCENT_COLOR_NAME = AccentColor;
				CODE_SIGN_STYLE = Automatic;
				CURRENT_PROJECT_VERSION = 1;
				DEVELOPMENT_ASSET_PATHS = "\"XcodeDemoApp/Preview Content\"";
				ENABLE_PREVIEWS = YES;
				GENERATE_INFOPLIST_FILE = YES;
				INFOPLIST_KEY_UIApplicationSceneManifest_Generation = YES;
				INFOPLIST_KEY_UIApplicationSupportsIndirectInputEvents = YES;
				INFOPLIST_KEY_UILaunchScreen_Generation = YES;
				INFOPLIST_KEY_UISupportedInterfaceOrientations_iPad = "UIInterfaceOrientationPortrait UIInterfaceOrientationPortraitUpsideDown UIInterfaceOrientationLandscapeLeft UIInterfaceOrientationLandscapeRight";
				INFOPLIST_KEY_UISupportedInterfaceOrientations_iPhone = "UIInterfaceOrientationPortrait UIInterfaceOrientationLandscapeLeft UIInterfaceOrientationLandscapeRight";
				LD_RUNPATH_SEARCH_PATHS = (
					"$(inherited)",
					"@executable_path/Frameworks",
				);
				MARKETING_VERSION = 1.0;
				PRODUCT_BUNDLE_IDENTIFIER = com.Maram.XcodeDemoApp;
				PRODUCT_NAME = "$(TARGET_NAME)";
				SWIFT_EMIT_LOC_STRINGS = YES;
				SWIFT_VERSION = 5.0;
				TARGETED_DEVICE_FAMILY = "1,2";
			};
			name = Release;
		};
		46DBCD4F2CA5514800DC9E8E /* Debug */ = {
			isa = XCBuildConfiguration;
			buildSettings = {
				ALWAYS_EMBED_SWIFT_STANDARD_LIBRARIES = YES;
				BUNDLE_LOADER = "$(TEST_HOST)";
				CODE_SIGN_STYLE = Automatic;
				CURRENT_PROJECT_VERSION = 1;
				GENERATE_INFOPLIST_FILE = YES;
				IPHONEOS_DEPLOYMENT_TARGET = 17.5;
				MARKETING_VERSION = 1.0;
				PRODUCT_BUNDLE_IDENTIFIER = com.Maram.XcodeDemoAppTests;
				PRODUCT_NAME = "$(TARGET_NAME)";
				SWIFT_EMIT_LOC_STRINGS = NO;
				SWIFT_VERSION = 5.0;
				TARGETED_DEVICE_FAMILY = "1,2";
				TEST_HOST = "$(BUILT_PRODUCTS_DIR)/XcodeDemoApp.app/$(BUNDLE_EXECUTABLE_FOLDER_PATH)/XcodeDemoApp";
			};
			name = Debug;
		};
		46DBCD502CA5514800DC9E8E /* Release */ = {
			isa = XCBuildConfiguration;
			buildSettings = {
				ALWAYS_EMBED_SWIFT_STANDARD_LIBRARIES = YES;
				BUNDLE_LOADER = "$(TEST_HOST)";
				CODE_SIGN_STYLE = Automatic;
				CURRENT_PROJECT_VERSION = 1;
				GENERATE_INFOPLIST_FILE = YES;
				IPHONEOS_DEPLOYMENT_TARGET = 17.5;
				MARKETING_VERSION = 1.0;
				PRODUCT_BUNDLE_IDENTIFIER = com.Maram.XcodeDemoAppTests;
				PRODUCT_NAME = "$(TARGET_NAME)";
				SWIFT_EMIT_LOC_STRINGS = NO;
				SWIFT_VERSION = 5.0;
				TARGETED_DEVICE_FAMILY = "1,2";
				TEST_HOST = "$(BUILT_PRODUCTS_DIR)/XcodeDemoApp.app/$(BUNDLE_EXECUTABLE_FOLDER_PATH)/XcodeDemoApp";
			};
			name = Release;
		};
		46DBCD522CA5514800DC9E8E /* Debug */ = {
			isa = XCBuildConfiguration;
			buildSettings = {
				ALWAYS_EMBED_SWIFT_STANDARD_LIBRARIES = YES;
				CODE_SIGN_STYLE = Automatic;
				CURRENT_PROJECT_VERSION = 1;
				GENERATE_INFOPLIST_FILE = YES;
				MARKETING_VERSION = 1.0;
				PRODUCT_BUNDLE_IDENTIFIER = com.Maram.XcodeDemoAppUITests;
				PRODUCT_NAME = "$(TARGET_NAME)";
				SWIFT_EMIT_LOC_STRINGS = NO;
				SWIFT_VERSION = 5.0;
				TARGETED_DEVICE_FAMILY = "1,2";
				TEST_TARGET_NAME = XcodeDemoApp;
			};
			name = Debug;
		};
		46DBCD532CA5514800DC9E8E /* Release */ = {
			isa = XCBuildConfiguration;
			buildSettings = {
				ALWAYS_EMBED_SWIFT_STANDARD_LIBRARIES = YES;
				CODE_SIGN_STYLE = Automatic;
				CURRENT_PROJECT_VERSION = 1;
				GENERATE_INFOPLIST_FILE = YES;
				MARKETING_VERSION = 1.0;
				PRODUCT_BUNDLE_IDENTIFIER = com.Maram.XcodeDemoAppUITests;
				PRODUCT_NAME = "$(TARGET_NAME)";
				SWIFT_EMIT_LOC_STRINGS = NO;
				SWIFT_VERSION = 5.0;
				TARGETED_DEVICE_FAMILY = "1,2";
				TEST_TARGET_NAME = XcodeDemoApp;
			};
			name = Release;
		};
/* End XCBuildConfiguration section */

/* Begin XCConfigurationList section */
		46DBCD222CA5514600DC9E8E /* Build configuration list for PBXProject "XcodeDemoApp" */ = {
			isa = XCConfigurationList;
			buildConfigurations = (
				46DBCD492CA5514800DC9E8E /* Debug */,
				46DBCD4A2CA5514800DC9E8E /* Release */,
			);
			defaultConfigurationIsVisible = 0;
			defaultConfigurationName = Release;
		};
		46DBCD4B2CA5514800DC9E8E /* Build configuration list for PBXNativeTarget "XcodeDemoApp" */ = {
			isa = XCConfigurationList;
			buildConfigurations = (
				46DBCD4C2CA5514800DC9E8E /* Debug */,
				46DBCD4D2CA5514800DC9E8E /* Release */,
			);
			defaultConfigurationIsVisible = 0;
			defaultConfigurationName = Release;
		};
		46DBCD4E2CA5514800DC9E8E /* Build configuration list for PBXNativeTarget "XcodeDemoAppTests" */ = {
			isa = XCConfigurationList;
			buildConfigurations = (
				46DBCD4F2CA5514800DC9E8E /* Debug */,
				46DBCD502CA5514800DC9E8E /* Release */,
			);
			defaultConfigurationIsVisible = 0;
			defaultConfigurationName = Release;
		};
		46DBCD512CA5514800DC9E8E /* Build configuration list for PBXNativeTarget "XcodeDemoAppUITests" */ = {
			isa = XCConfigurationList;
			buildConfigurations = (
				46DBCD522CA5514800DC9E8E /* Debug */,
				46DBCD532CA5514800DC9E8E /* Release */,
			);
			defaultConfigurationIsVisible = 0;
			defaultConfigurationName = Release;
		};
/* End XCConfigurationList section */
	};
	rootObject = 46DBCD1F2CA5514600DC9E8E /* Project object */;
}
